{
  "markbot": "125a5e80a44b0c56340c78f7988aaf80c8f64a34a75f0bcc57518154a9e65b36",
  "markbotignore": "030a4e6e1b3b6b510514a7ae54576e2c2ef762d56236c6414ef634955d96a126",
  "index.html": "3d001c5535d44d6243b999a7d2a468b323cec7172dc417dcc73b6b7ec3d168f9",
  "index-320.png": "0c8b5bf502800bc6380974c1626069369e850b2d7b2678e95ca20fccab4ee233",
  "index-400.png": "838e223e4b0f1ad2618ca479c5ac81a0e5fa5845dec929f2201e6ee28c3b4e47",
  "index-608.png": "8326848b95613ac74e0204248c1fd1a2fad501d81fa5f0f86fc72f6bf85305bd",
  "index-960.png": "7a30881d029c9d0b7c0dd24c540bad75347cc1bedf807f5ee40d8a8581d2942e",
  "index-1440.png": "11fda82c6fc162680a642b14c9038214f1327be15fecca8ad9f51917febd6e01"
}